github.com/BurntSushi/toml v0.1.1-0.20160102144748-5c4df71dfe9a h1:xrUE5z0ZdXKgezv7ImgqXATQ+tMal+fdF8fE7SE+gJA=
github.com/BurntSushi/toml v0.1.1-0.20160102144748-5c4df71dfe9a/go.mod h1:xHWCNGjB5oqiDr8zfno3MHue2Ht5sIBksp03qcyfWMU=
github.com/coreos/go-iptables v0.0.0-20151211183357-90456be57fcb h1:cW2yWWWlgcppc2JKFdGbpJSMorMKxWFrpCnZmQDG2Z8=
github.com/coreos/go-iptables v0.0.0-20151211183357-90456be57fcb/go.mod h1:/mVI274lEDI2ns62jHCDnCyBF9Iwsmekav8Dbxlm1MU=
github.com/davecgh/go-spew v1.1.0/go.mod h1:J7Y8YcW2NihsgmVo/mv3lAwl/skON4iLHjSsI+c5H38=
github.com/davecgh/go-spew v1.1.1 h1:vj9j/u1bqnvCEfJOwUhtlOARqs3+rkHYY13jYWTU97c=
github.com/davecgh/go-spew v1.1.1/go.mod h1:J7Y8YcW2NihsgmVo/mv3lAwl/skON4iLHjSsI+c5H38=
github.com/fsnotify/fsnotify v1.3.0 h1:XyNoRE4PlEAzjaHYBqJuJC18jNWyfDVJ2jwD5kCuwXs=
github.com/fsnotify/fsnotify v1.3.0/go.mod h1:jwhsz4b93w/PPRr/qN1Yymfu8t87LnFCMoQvtojpjFo=
github.com/garyburd/redigo v0.0.0-20151219232044-836b6e58b335 h1:0HWFpTaeJuTBnYEXhYeUK9zin8uKnHDDN04aPrMJh7Y=
github.com/garyburd/redigo v0.0.0-20151219232044-836b6e58b335/go.mod h1:NR3MbYisc3/PwhQ00EMzDiPmrwpPxAn5GI05/YaO1SY=
github.com/gorilla/context v0.0.0-20150820051245-1c83b3eabd45 h1:f69IpTg7NxbCoH51W7oD+gPkojLLvi6ybJ6Iya76wB8=
github.com/gorilla/context v0.0.0-20150820051245-1c83b3eabd45/go.mod h1:kBGZzfjB9CEq2AlWe17Uuf7NDRt0dE0s8S51q0aT7Yg=
github.com/gorilla/mux v0.0.0-20151231161908-26a6070f8499 h1:iRYRCSM6DM8YCobOA1unaW7SDpOaAbN48xmBnybfKhE=
github.com/gorilla/mux v0.0.0-20151231161908-26a6070f8499/go.mod h1:1lud6UwP+6orDFRuTfBEV8e9/aOM/c4fVVCaMa2zaAs=
github.com/gorilla/pat v0.0.0-20160413041632-cf955c3d1f2c h1:/dq3+XpxRH+cjiua5GyJKE80RXZfZbmT8ejIcNsb93Q=
github.com/gorilla/pat v0.0.0-20160413041632-cf955c3d1f2c/go.mod h1:YeAe0gNeiNT5hoiZRI4yiOky6jVdNvfO2N6Kav/HmxY=
github.com/hashicorp/hcl v0.0.0-20151218175300-197e8d3cf421 h1:Awdfz+Np2BzopipDcUT3tLRdSkFexLqPaptw/Er5lS4=
github.com/hashicorp/hcl v0.0.0-20151218175300-197e8d3cf421/go.mod h1:oZtUIOe8dh44I2q6ScRibXws4Ajl+d+nod3AaR9vL5w=
github.com/inconshreveable/mousetrap v1.0.0 h1:Z8tu5sraLXCXIcARxBp/8cbvlwVa7Z1NHg9XEKhtSvM=
github.com/inconshreveable/mousetrap v1.0.0/go.mod h1:PxqpIevigyE2G7u3NXJIT2ANytuPF1OarO4DADm73n8=
github.com/jcelliott/lumber v0.0.0-20160324203708-dd349441af25 h1:EFT6MH3igZK/dIVqgGbTqWVvkZ7wJ5iGN03SVtvvdd8=
github.com/jcelliott/lumber v0.0.0-20160324203708-dd349441af25/go.mod h1:sWkGw/wsaHtRsT9zGQ/WyJCotGWG/Anow/9hsAcBWRw=
github.com/kr/pretty v0.2.1 h1:Fmg33tUaq4/8ym9TJN1x7sLJnHVwhP33CNkpYV/7rwI=
github.com/kr/pretty v0.2.1/go.mod h1:ipq/a2n7PKx3OHsz4KJII5eveXtPO4qwEXGdVfWzfnI=
github.com/kr/pty v1.1.1/go.mod h1:pFQYn66WHrOpPYNljwOMqo10TkYh1fy3cYio2l3bCsQ=
github.com/kr/text v0.1.0 h1:45sCR5RtlFHMR4UwH9sdQ5TC8v0qDQCHnXt+kaKSTVE=
github.com/kr/text v0.1.0/go.mod h1:4Jbv+DJW3UT/LiOwJeYQe1efqtUx/iVham/4vfdArNI=
github.com/lib/pq v0.0.0-20160806144029-80f8150043c8 h1:ymrmOy9nqFlWI+NXdLzvAUcQuYlOSqW2/UconD0I3BM=
github.com/lib/pq v0.0.0-20160806144029-80f8150043c8/go.mod h1:5WUZQaWbwv1U+lTReE5YruASi9Al49XbQIvNi/34Woo=
github.com/magiconair/properties v1.6.1-0.20151221213149-c81f9d71af8f h1:i0qIYnnNb+u80O3KUCNlVOFezoKlKg1J96/XzTILLnI=
github.com/magiconair/properties v1.6.1-0.20151221213149-c81f9d71af8f/go.mod h1:PppfXfuXeibc/6YijjN8zIbojt8czPbwD3XqdrwzmxQ=
github.com/mitchellh/mapstructure v0.0.0-20150717051158-281073eb9eb0 h1:6VeKv8nNMVKA6qmZLYnPTx0tJ//NbDj1SbubWIikJ9k=
github.com/mitchellh/mapstructure v0.0.0-20150717051158-281073eb9eb0/go.mod h1:FVVH3fgwuzCH5S8UJGiWEs2h04kUh9fWfEaFds41c1Y=
github.com/mu-box/microbox-router v0.0.0-20180417202558-c2acc6938f80 h1:JzontkWR6K7IhACE4jdLnZYAIue0skzufaX1aWHx4QA=
github.com/mu-box/microbox-router v0.0.0-20180417202558-c2acc6938f80/go.mod h1:PnghhgvBEZl6o0RsFDs8prgmQ5XbAS30/qWOpnrUT5o=
github.com/nanobox-io/nanobox-router v0.0.0-20190311151444-8468a5929ca1 h1:rhrnErwXLQxLSqlxfQmHrudyNYaCiZGBxXk6u59RvUU=
github.com/nanobox-io/nanobox-router v0.0.0-20190311151444-8468a5929ca1/go.mod h1:ido3i70D8uGeSq5rmYxo2rrctc9ZFy1ALlTVxThiI0U=
github.com/pmezard/go-difflib v1.0.0 h1:4DBwDE0NGyQoBHbLQYPwSUPoCMWR5BEzIk/f1lZbAQM=
github.com/pmezard/go-difflib v1.0.0/go.mod h1:iKH77koFhYxTK1pcRnkKkqfTogsbg7gZNVY4sRDYZ/4=
github.com/spf13/cast v0.0.0-20151218135219-ee7b3e035316 h1:ewDvguiDYTmhbP+hILV+IplQQM88stMcBcjFOPV7lSE=
github.com/spf13/cast v0.0.0-20151218135219-ee7b3e035316/go.mod h1:r2rcYCSwa1IExKTDiTfzaxqT2FNHs8hODu4LnUfgKEg=
github.com/spf13/cobra v0.0.0-20160802223737-7c674d9e7201 h1:bgbdfQ1FHk/ZcoUOsN25tfKEXeJBUZYggLw6PSfO5iA=
github.com/spf13/cobra v0.0.0-20160802223737-7c674d9e7201/go.mod h1:1l0Ry5zgKvJasoi3XT1TypsSe7PqH0Sj9dhYf7v3XqQ=
github.com/spf13/jwalterweatherman v0.0.0-20151231185856-d00654080cdd h1:9bF+yGiaGsgj11cktC7g+ir97H+vzvSvXv6asp/f0rs=
github.com/spf13/jwalterweatherman v0.0.0-20151231185856-d00654080cdd/go.mod h1:cQK4TGJAtQXfYWX+Ddv3mKDzgVb68N+wFjFa4jdeBTo=
github.com/spf13/pflag v0.0.0-20160427162146-cb88ea77998c h1:nKSqf1F72lP/EWecUpeCXINWfP8aAa5TXORk21x0xw8=
github.com/spf13/pflag v0.0.0-20160427162146-cb88ea77998c/go.mod h1:DYY7MBk1bdzusC3SYhjObp+wFpr4gzcvqqNjLnInEg4=
github.com/spf13/viper v0.0.0-20160508180713-d8a428b8a306 h1:fvXBhJjS/jLG2A5yTggvllwqmgL4P6n6M9BKw1PIFmY=
github.com/spf13/viper v0.0.0-20160508180713-d8a428b8a306/go.mod h1:A8kyI5cUJhb8N+3pkfONlcEcZbueH6nhAm0Fq7SrnBM=
github.com/stretchr/objx v0.1.0/go.mod h1:HFkY916IF+rwdDfMAkV7OtwuqBVzrE8GR6GFx+wExME=
github.com/stretchr/objx v0.4.0/go.mod h1:YvHI0jy2hoMjB+UWwv71VJQ9isScKT/TqJzVSSt89Yw=
github.com/stretchr/objx v0.5.0/go.mod h1:Yh+to48EsGEfYuaHDzXPcE3xhTkx73EhmCGUpEOglKo=
github.com/stretchr/testify v1.7.1/go.mod h1:6Fq8oRcR53rry900zMqJjRRixrwX3KX962/h/Wwjteg=
github.com/stretchr/testify v1.8.0/go.mod h1:yNjHg4UonilssWZ8iaSj1OCr/vHnekPRkoO+kdMU+MU=
github.com/stretchr/testify v1.8.2 h1:+h33VjcLVPDHtOdpUCuF+7gSuG3yGIftsP1YvFihtJ8=
github.com/stretchr/testify v1.8.2/go.mod h1:w2LPCIKwWwSfY2zedu0+kehJoqGctiVI29o6fzry7u4=
github.com/twinj/uuid v0.0.0-20151029044442-89173bcdda19 h1:HlxV0XiEKMMyjS3gGtJmmFZsxQ22GsLvA7F980il+1w=
github.com/twinj/uuid v0.0.0-20151029044442-89173bcdda19/go.mod h1:mMgcE1RHFUFqe5AfiwlINXisXfDGro23fWdPUfOMjRY=
golang.org/x/net v0.9.0 h1:aWJ/m6xSmxWBx+V0XRHTlrYrPG56jKsLdTFmsSsCzOM=
golang.org/x/net v0.9.0/go.mod h1:d48xBJpPfHeWQsugry2m+kC02ZBRGRgulfHnEXEuWns=
golang.org/x/sys v0.7.0 h1:3jlCCIQZPdOYu1h8BkNvLz8Kgwtae2cagcG/VamtZRU=
golang.org/x/sys v0.7.0/go.mod h1:oPkhp1MJrh7nUepCBck5+mAzfO9JrbApNNgaTdGDITg=
gopkg.in/check.v1 v0.0.0-20161208181325-20d25e280405/go.mod h1:Co6ibVJAznAaIkqp8huTwlJQCZ016jof/cbN4VW5Yz0=
gopkg.in/check.v1 v1.0.0-20201130134442-10cb98267c6c h1:Hei/4ADfdWqJk1ZMxUNpqntNwaWcugrBjAiHlqqRiVk=
gopkg.in/check.v1 v1.0.0-20201130134442-10cb98267c6c/go.mod h1:JHkPIbrfpd72SG/EVd6muEfDQjcINNoR0C8j2r3qZ4Q=
gopkg.in/yaml.v2 v2.0.0-20150924142314-53feefa2559f h1:sOheF02XWNGQor9t3gRZtN/HlgP6sv3NozSahoTEmiM=
gopkg.in/yaml.v2 v2.0.0-20150924142314-53feefa2559f/go.mod h1:JAlM8MvJe8wmxCU4Bli9HhUf9+ttbYbLASfIpnQbh74=
gopkg.in/yaml.v3 v3.0.0-20200313102051-9f266ea9e77c/go.mod h1:K4uyk7z7BCEPqu6E+C64Yfv1cQ7kz7rIZviUmN+EgEM=
gopkg.in/yaml.v3 v3.0.1 h1:fxVm/GzAzEWqLHuvctI91KS9hhNmmWOoWu0XTYJS7CA=
gopkg.in/yaml.v3 v3.0.1/go.mod h1:K4uyk7z7BCEPqu6E+C64Yfv1cQ7kz7rIZviUmN+EgEM=
